
Microsoft Visual Studio Solution File, Format Version 12.00
# Visual Studio Version 16
VisualStudioVersion = 16.0.31424.327
MinimumVisualStudioVersion = 10.0.40219.1
Project("{FAE04EC0-301F-11D3-BF4B-00C04F79EFBC}") = "ZeroDebt.Data", "ZeroDebt.Data.csproj", "{32C47446-8AC0-4980-94D8-436F8AB1F8AE}"
EndProject
Global
	GlobalSection(SolutionConfigurationPlatforms) = preSolution
		Debug|Any CPU = Debug|Any CPU
		Release|Any CPU = Release|Any CPU
	EndGlobalSection
	GlobalSection(ProjectConfigurationPlatforms) = postSolution
		{32C47446-8AC0-4980-94D8-436F8AB1F8AE}.Debug|Any CPU.ActiveCfg = Debug|Any CPU
		{32C47446-8AC0-4980-94D8-436F8AB1F8AE}.Debug|Any CPU.Build.0 = Debug|Any CPU
		{32C47446-8AC0-4980-94D8-436F8AB1F8AE}.Release|Any CPU.ActiveCfg = Release|Any CPU
		{32C47446-8AC0-4980-94D8-436F8AB1F8AE}.Release|Any CPU.Build.0 = Release|Any CPU
	EndGlobalSection
	GlobalSection(SolutionProperties) = preSolution
		HideSolutionNode = FALSE
	EndGlobalSection
	GlobalSection(ExtensibilityGlobals) = postSolution
		SolutionGuid = {CA1CD741-1AB5-4A9F-BD4D-785547DE7796}
	EndGlobalSection
EndGlobal
